
Microsoft Visual Studio Solution File, Format Version 12.00
# Visual Studio Version 17
VisualStudioVersion = 17.10.35013.160
MinimumVisualStudioVersion = 10.0.40219.1
Project("{FAE04EC0-301F-11D3-BF4B-00C04F79EFBC}") = "WebApiLearning", "WebApiLearning\WebApiLearning.csproj", "{1C8FF25C-021A-413E-A8BF-0FF5C5DFE79C}"
EndProject
Global
	GlobalSection(SolutionConfigurationPlatforms) = preSolution
		Debug|Any CPU = Debug|Any CPU
		Release|Any CPU = Release|Any CPU
	EndGlobalSection
	GlobalSection(ProjectConfigurationPlatforms) = postSolution
		{1C8FF25C-021A-413E-A8BF-0FF5C5DFE79C}.Debug|Any CPU.ActiveCfg = Debug|Any CPU
		{1C8FF25C-021A-413E-A8BF-0FF5C5DFE79C}.Debug|Any CPU.Build.0 = Debug|Any CPU
		{1C8FF25C-021A-413E-A8BF-0FF5C5DFE79C}.Release|Any CPU.ActiveCfg = Release|Any CPU
		{1C8FF25C-021A-413E-A8BF-0FF5C5DFE79C}.Release|Any CPU.Build.0 = Release|Any CPU
	EndGlobalSection
	GlobalSection(SolutionProperties) = preSolution
		HideSolutionNode = FALSE
	EndGlobalSection
	GlobalSection(ExtensibilityGlobals) = postSolution
		SolutionGuid = {CC601570-1C77-456B-8C4C-83E2A0091B4E}
	EndGlobalSection
EndGlobal
